
Microsoft Visual Studio Solution File, Format Version 12.00
# Visual Studio 15
VisualStudioVersion = 15.0.27130.2027
MinimumVisualStudioVersion = 10.0.40219.1
Project("{FAE04EC0-301F-11D3-BF4B-00C04F79EFBC}") = "PomodoroApp2.Android", "PomodoroApp2\PomodoroApp2.Android\PomodoroApp2.Android.csproj", "{49E7C3AB-5B42-4540-914E-108EFD5ACB76}"
EndProject
Project("{FAE04EC0-301F-11D3-BF4B-00C04F79EFBC}") = "PomodoroApp2.iOS", "PomodoroApp2\PomodoroApp2.iOS\PomodoroApp2.iOS.csproj", "{1101CC37-463D-4E4D-96B1-3040D8B57EB0}"
EndProject
Project("{FAE04EC0-301F-11D3-BF4B-00C04F79EFBC}") = "PomodoroApp2.UWP", "PomodoroApp2\PomodoroApp2.UWP\PomodoroApp2.UWP.csproj", "{FC5C84B4-F87E-488F-B1BA-004C8D30AD2F}"
EndProject
Project("{FAE04EC0-301F-11D3-BF4B-00C04F79EFBC}") = "PomodoroApp2", "PomodoroApp2\PomodoroApp2\PomodoroApp2.csproj", "{A3BD1536-4E29-44DF-A27A-B45CF7C0A4BF}"
EndProject
Global
	GlobalSection(SolutionConfigurationPlatforms) = preSolution
		Ad-Hoc|Any CPU = Ad-Hoc|Any CPU
		Ad-Hoc|ARM = Ad-Hoc|ARM
		Ad-Hoc|iPhone = Ad-Hoc|iPhone
		Ad-Hoc|iPhoneSimulator = Ad-Hoc|iPhoneSimulator
		Ad-Hoc|x64 = Ad-Hoc|x64
		Ad-Hoc|x86 = Ad-Hoc|x86
		AppStore|Any CPU = AppStore|Any CPU
		AppStore|ARM = AppStore|ARM
		AppStore|iPhone = AppStore|iPhone
		AppStore|iPhoneSimulator = AppStore|iPhoneSimulator
		AppStore|x64 = AppStore|x64
		AppStore|x86 = AppStore|x86
		Debug|Any CPU = Debug|Any CPU
		Debug|ARM = Debug|ARM
		Debug|iPhone = Debug|iPhone
		Debug|iPhoneSimulator = Debug|iPhoneSimulator
		Debug|x64 = Debug|x64
		Debug|x86 = Debug|x86
		Release|Any CPU = Release|Any CPU
		Release|ARM = Release|ARM
		Release|iPhone = Release|iPhone
		Release|iPhoneSimulator = Release|iPhoneSimulator
		Release|x64 = Release|x64
		Release|x86 = Release|x86
	EndGlobalSection
	GlobalSection(ProjectConfigurationPlatforms) = postSolution
		{49E7C3AB-5B42-4540-914E-108EFD5ACB76}.Ad-Hoc|Any CPU.ActiveCfg = Release|Any CPU
		{49E7C3AB-5B42-4540-914E-108EFD5ACB76}.Ad-Hoc|Any CPU.Build.0 = Release|Any CPU
		{49E7C3AB-5B42-4540-914E-108EFD5ACB76}.Ad-Hoc|Any CPU.Deploy.0 = Release|Any CPU
		{49E7C3AB-5B42-4540-914E-108EFD5ACB76}.Ad-Hoc|ARM.ActiveCfg = Release|Any CPU
		{49E7C3AB-5B42-4540-914E-108EFD5ACB76}.Ad-Hoc|ARM.Build.0 = Release|Any CPU
		{49E7C3AB-5B42-4540-914E-108EFD5ACB76}.Ad-Hoc|ARM.Deploy.0 = Release|Any CPU
		{49E7C3AB-5B42-4540-914E-108EFD5ACB76}.Ad-Hoc|iPhone.ActiveCfg = Release|Any CPU
		{49E7C3AB-5B42-4540-914E-108EFD5ACB76}.Ad-Hoc|iPhone.Build.0 = Release|Any CPU
		{49E7C3AB-5B42-4540-914E-108EFD5ACB76}.Ad-Hoc|iPhone.Deploy.0 = Release|Any CPU
		{49E7C3AB-5B42-4540-914E-108EFD5ACB76}.Ad-Hoc|iPhoneSimulator.ActiveCfg = Release|Any CPU
		{49E7C3AB-5B42-4540-914E-108EFD5ACB76}.Ad-Hoc|iPhoneSimulator.Build.0 = Release|Any CPU
		{49E7C3AB-5B42-4540-914E-108EFD5ACB76}.Ad-Hoc|iPhoneSimulator.Deploy.0 = Release|Any CPU
		{49E7C3AB-5B42-4540-914E-108EFD5ACB76}.Ad-Hoc|x64.ActiveCfg = Release|Any CPU
		{49E7C3AB-5B42-4540-914E-108EFD5ACB76}.Ad-Hoc|x64.Build.0 = Release|Any CPU
		{49E7C3AB-5B42-4540-914E-108EFD5ACB76}.Ad-Hoc|x64.Deploy.0 = Release|Any CPU
		{49E7C3AB-5B42-4540-914E-108EFD5ACB76}.Ad-Hoc|x86.ActiveCfg = Release|Any CPU
		{49E7C3AB-5B42-4540-914E-108EFD5ACB76}.Ad-Hoc|x86.Build.0 = Release|Any CPU
		{49E7C3AB-5B42-4540-914E-108EFD5ACB76}.Ad-Hoc|x86.Deploy.0 = Release|Any CPU
		{49E7C3AB-5B42-4540-914E-108EFD5ACB76}.AppStore|Any CPU.ActiveCfg = Release|Any CPU
		{49E7C3AB-5B42-4540-914E-108EFD5ACB76}.AppStore|Any CPU.Build.0 = Release|Any CPU
		{49E7C3AB-5B42-4540-914E-108EFD5ACB76}.AppStore|Any CPU.Deploy.0 = Release|Any CPU
		{49E7C3AB-5B42-4540-914E-108EFD5ACB76}.AppStore|ARM.ActiveCfg = Release|Any CPU
		{49E7C3AB-5B42-4540-914E-108EFD5ACB76}.AppStore|ARM.Build.0 = Release|Any CPU
		{49E7C3AB-5B42-4540-914E-108EFD5ACB76}.AppStore|ARM.Deploy.0 = Release|Any CPU
		{49E7C3AB-5B42-4540-914E-108EFD5ACB76}.AppStore|iPhone.ActiveCfg = Release|Any CPU
		{49E7C3AB-5B42-4540-914E-108EFD5ACB76}.AppStore|iPhone.Build.0 = Release|Any CPU
		{49E7C3AB-5B42-4540-914E-108EFD5ACB76}.AppStore|iPhone.Deploy.0 = Release|Any CPU
		{49E7C3AB-5B42-4540-914E-108EFD5ACB76}.AppStore|iPhoneSimulator.ActiveCfg = Release|Any CPU
		{49E7C3AB-5B42-4540-914E-108EFD5ACB76}.AppStore|iPhoneSimulator.Build.0 = Release|Any CPU
		{49E7C3AB-5B42-4540-914E-108EFD5ACB76}.AppStore|iPhoneSimulator.Deploy.0 = Release|Any CPU
		{49E7C3AB-5B42-4540-914E-108EFD5ACB76}.AppStore|x64.ActiveCfg = Release|Any CPU
		{49E7C3AB-5B42-4540-914E-108EFD5ACB76}.AppStore|x64.Build.0 = Release|Any CPU
		{49E7C3AB-5B42-4540-914E-108EFD5ACB76}.AppStore|x64.Deploy.0 = Release|Any CPU
		{49E7C3AB-5B42-4540-914E-108EFD5ACB76}.AppStore|x86.ActiveCfg = Release|Any CPU
		{49E7C3AB-5B42-4540-914E-108EFD5ACB76}.AppStore|x86.Build.0 = Release|Any CPU
		{49E7C3AB-5B42-4540-914E-108EFD5ACB76}.AppStore|x86.Deploy.0 = Release|Any CPU
		{49E7C3AB-5B42-4540-914E-108EFD5ACB76}.Debug|Any CPU.ActiveCfg = Debug|Any CPU
		{49E7C3AB-5B42-4540-914E-108EFD5ACB76}.Debug|Any CPU.Build.0 = Debug|Any CPU
		{49E7C3AB-5B42-4540-914E-108EFD5ACB76}.Debug|Any CPU.Deploy.0 = Debug|Any CPU
		{49E7C3AB-5B42-4540-914E-108EFD5ACB76}.Debug|ARM.ActiveCfg = Debug|Any CPU
		{49E7C3AB-5B42-4540-914E-108EFD5ACB76}.Debug|ARM.Build.0 = Debug|Any CPU
		{49E7C3AB-5B42-4540-914E-108EFD5ACB76}.Debug|ARM.Deploy.0 = Debug|Any CPU
		{49E7C3AB-5B42-4540-914E-108EFD5ACB76}.Debug|iPhone.ActiveCfg = Debug|Any CPU
		{49E7C3AB-5B42-4540-914E-108EFD5ACB76}.Debug|iPhone.Build.0 = Debug|Any CPU
		{49E7C3AB-5B42-4540-914E-108EFD5ACB76}.Debug|iPhone.Deploy.0 = Debug|Any CPU
		{49E7C3AB-5B42-4540-914E-108EFD5ACB76}.Debug|iPhoneSimulator.ActiveCfg = Debug|Any CPU
		{49E7C3AB-5B42-4540-914E-108EFD5ACB76}.Debug|iPhoneSimulator.Build.0 = Debug|Any CPU
		{49E7C3AB-5B42-4540-914E-108EFD5ACB76}.Debug|iPhoneSimulator.Deploy.0 = Debug|Any CPU
		{49E7C3AB-5B42-4540-914E-108EFD5ACB76}.Debug|x64.ActiveCfg = Debug|Any CPU
		{49E7C3AB-5B42-4540-914E-108EFD5ACB76}.Debug|x64.Build.0 = Debug|Any CPU
		{49E7C3AB-5B42-4540-914E-108EFD5ACB76}.Debug|x64.Deploy.0 = Debug|Any CPU
		{49E7C3AB-5B42-4540-914E-108EFD5ACB76}.Debug|x86.ActiveCfg = Debug|Any CPU
		{49E7C3AB-5B42-4540-914E-108EFD5ACB76}.Debug|x86.Build.0 = Debug|Any CPU
		{49E7C3AB-5B42-4540-914E-108EFD5ACB76}.Debug|x86.Deploy.0 = Debug|Any CPU
		{49E7C3AB-5B42-4540-914E-108EFD5ACB76}.Release|Any CPU.ActiveCfg = Release|Any CPU
		{49E7C3AB-5B42-4540-914E-108EFD5ACB76}.Release|Any CPU.Build.0 = Release|Any CPU
		{49E7C3AB-5B42-4540-914E-108EFD5ACB76}.Release|Any CPU.Deploy.0 = Release|Any CPU
		{49E7C3AB-5B42-4540-914E-108EFD5ACB76}.Release|ARM.ActiveCfg = Release|Any CPU
		{49E7C3AB-5B42-4540-914E-108EFD5ACB76}.Release|ARM.Build.0 = Release|Any CPU
		{49E7C3AB-5B42-4540-914E-108EFD5ACB76}.Release|ARM.Deploy.0 = Release|Any CPU
		{49E7C3AB-5B42-4540-914E-108EFD5ACB76}.Release|iPhone.ActiveCfg = Release|Any CPU
		{49E7C3AB-5B42-4540-914E-108EFD5ACB76}.Release|iPhone.Build.0 = Release|Any CPU
		{49E7C3AB-5B42-4540-914E-108EFD5ACB76}.Release|iPhone.Deploy.0 = Release|Any CPU
		{49E7C3AB-5B42-4540-914E-108EFD5ACB76}.Release|iPhoneSimulator.ActiveCfg = Release|Any CPU
		{49E7C3AB-5B42-4540-914E-108EFD5ACB76}.Release|iPhoneSimulator.Build.0 = Release|Any CPU
		{49E7C3AB-5B42-4540-914E-108EFD5ACB76}.Release|iPhoneSimulator.Deploy.0 = Release|Any CPU
		{49E7C3AB-5B42-4540-914E-108EFD5ACB76}.Release|x64.ActiveCfg = Release|Any CPU
		{49E7C3AB-5B42-4540-914E-108EFD5ACB76}.Release|x64.Build.0 = Release|Any CPU
		{49E7C3AB-5B42-4540-914E-108EFD5ACB76}.Release|x64.Deploy.0 = Release|Any CPU
		{49E7C3AB-5B42-4540-914E-108EFD5ACB76}.Release|x86.ActiveCfg = Release|Any CPU
		{49E7C3AB-5B42-4540-914E-108EFD5ACB76}.Release|x86.Build.0 = Release|Any CPU
		{49E7C3AB-5B42-4540-914E-108EFD5ACB76}.Release|x86.Deploy.0 = Release|Any CPU
		{1101CC37-463D-4E4D-96B1-3040D8B57EB0}.Ad-Hoc|Any CPU.ActiveCfg = Ad-Hoc|iPhone
		{1101CC37-463D-4E4D-96B1-3040D8B57EB0}.Ad-Hoc|ARM.ActiveCfg = Ad-Hoc|iPhone
		{1101CC37-463D-4E4D-96B1-3040D8B57EB0}.Ad-Hoc|iPhone.ActiveCfg = Ad-Hoc|iPhone
		{1101CC37-463D-4E4D-96B1-3040D8B57EB0}.Ad-Hoc|iPhone.Build.0 = Ad-Hoc|iPhone
		{1101CC37-463D-4E4D-96B1-3040D8B57EB0}.Ad-Hoc|iPhoneSimulator.ActiveCfg = Ad-Hoc|iPhoneSimulator
		{1101CC37-463D-4E4D-96B1-3040D8B57EB0}.Ad-Hoc|iPhoneSimulator.Build.0 = Ad-Hoc|iPhoneSimulator
		{1101CC37-463D-4E4D-96B1-3040D8B57EB0}.Ad-Hoc|x64.ActiveCfg = Ad-Hoc|iPhone
		{1101CC37-463D-4E4D-96B1-3040D8B57EB0}.Ad-Hoc|x86.ActiveCfg = Ad-Hoc|iPhone
		{1101CC37-463D-4E4D-96B1-3040D8B57EB0}.AppStore|Any CPU.ActiveCfg = AppStore|iPhone
		{1101CC37-463D-4E4D-96B1-3040D8B57EB0}.AppStore|ARM.ActiveCfg = AppStore|iPhone
		{1101CC37-463D-4E4D-96B1-3040D8B57EB0}.AppStore|iPhone.ActiveCfg = AppStore|iPhone
		{1101CC37-463D-4E4D-96B1-3040D8B57EB0}.AppStore|iPhone.Build.0 = AppStore|iPhone
		{1101CC37-463D-4E4D-96B1-3040D8B57EB0}.AppStore|iPhoneSimulator.ActiveCfg = AppStore|iPhoneSimulator
		{1101CC37-463D-4E4D-96B1-3040D8B57EB0}.AppStore|iPhoneSimulator.Build.0 = AppStore|iPhoneSimulator
		{1101CC37-463D-4E4D-96B1-3040D8B57EB0}.AppStore|x64.ActiveCfg = AppStore|iPhone
		{1101CC37-463D-4E4D-96B1-3040D8B57EB0}.AppStore|x86.ActiveCfg = AppStore|iPhone
		{1101CC37-463D-4E4D-96B1-3040D8B57EB0}.Debug|Any CPU.ActiveCfg = Debug|iPhone
		{1101CC37-463D-4E4D-96B1-3040D8B57EB0}.Debug|ARM.ActiveCfg = Debug|iPhone
		{1101CC37-463D-4E4D-96B1-3040D8B57EB0}.Debug|iPhone.ActiveCfg = Debug|iPhone
		{1101CC37-463D-4E4D-96B1-3040D8B57EB0}.Debug|iPhone.Build.0 = Debug|iPhone
		{1101CC37-463D-4E4D-96B1-3040D8B57EB0}.Debug|iPhoneSimulator.ActiveCfg = Debug|iPhoneSimulator
		{1101CC37-463D-4E4D-96B1-3040D8B57EB0}.Debug|iPhoneSimulator.Build.0 = Debug|iPhoneSimulator
		{1101CC37-463D-4E4D-96B1-3040D8B57EB0}.Debug|x64.ActiveCfg = Debug|iPhone
		{1101CC37-463D-4E4D-96B1-3040D8B57EB0}.Debug|x86.ActiveCfg = Debug|iPhone
		{1101CC37-463D-4E4D-96B1-3040D8B57EB0}.Release|Any CPU.ActiveCfg = Release|iPhone
		{1101CC37-463D-4E4D-96B1-3040D8B57EB0}.Release|ARM.ActiveCfg = Release|iPhone
		{1101CC37-463D-4E4D-96B1-3040D8B57EB0}.Release|iPhone.ActiveCfg = Release|iPhone
		{1101CC37-463D-4E4D-96B1-3040D8B57EB0}.Release|iPhone.Build.0 = Release|iPhone
		{1101CC37-463D-4E4D-96B1-3040D8B57EB0}.Release|iPhoneSimulator.ActiveCfg = Release|iPhoneSimulator
		{1101CC37-463D-4E4D-96B1-3040D8B57EB0}.Release|iPhoneSimulator.Build.0 = Release|iPhoneSimulator
		{1101CC37-463D-4E4D-96B1-3040D8B57EB0}.Release|x64.ActiveCfg = Release|iPhone
		{1101CC37-463D-4E4D-96B1-3040D8B57EB0}.Release|x86.ActiveCfg = Release|iPhone
		{FC5C84B4-F87E-488F-B1BA-004C8D30AD2F}.Ad-Hoc|Any CPU.ActiveCfg = Release|x86
		{FC5C84B4-F87E-488F-B1BA-004C8D30AD2F}.Ad-Hoc|Any CPU.Build.0 = Release|x86
		{FC5C84B4-F87E-488F-B1BA-004C8D30AD2F}.Ad-Hoc|Any CPU.Deploy.0 = Release|x86
		{FC5C84B4-F87E-488F-B1BA-004C8D30AD2F}.Ad-Hoc|ARM.ActiveCfg = Release|ARM
		{FC5C84B4-F87E-488F-B1BA-004C8D30AD2F}.Ad-Hoc|ARM.Build.0 = Release|ARM
		{FC5C84B4-F87E-488F-B1BA-004C8D30AD2F}.Ad-Hoc|ARM.Deploy.0 = Release|ARM
		{FC5C84B4-F87E-488F-B1BA-004C8D30AD2F}.Ad-Hoc|iPhone.ActiveCfg = Release|x86
		{FC5C84B4-F87E-488F-B1BA-004C8D30AD2F}.Ad-Hoc|iPhone.Build.0 = Release|x86
		{FC5C84B4-F87E-488F-B1BA-004C8D30AD2F}.Ad-Hoc|iPhone.Deploy.0 = Release|x86
		{FC5C84B4-F87E-488F-B1BA-004C8D30AD2F}.Ad-Hoc|iPhoneSimulator.ActiveCfg = Release|x86
		{FC5C84B4-F87E-488F-B1BA-004C8D30AD2F}.Ad-Hoc|iPhoneSimulator.Build.0 = Release|x86
		{FC5C84B4-F87E-488F-B1BA-004C8D30AD2F}.Ad-Hoc|iPhoneSimulator.Deploy.0 = Release|x86
		{FC5C84B4-F87E-488F-B1BA-004C8D30AD2F}.Ad-Hoc|x64.ActiveCfg = Release|x64
		{FC5C84B4-F87E-488F-B1BA-004C8D30AD2F}.Ad-Hoc|x64.Build.0 = Release|x64
		{FC5C84B4-F87E-488F-B1BA-004C8D30AD2F}.Ad-Hoc|x64.Deploy.0 = Release|x64
		{FC5C84B4-F87E-488F-B1BA-004C8D30AD2F}.Ad-Hoc|x86.ActiveCfg = Release|x86
		{FC5C84B4-F87E-488F-B1BA-004C8D30AD2F}.Ad-Hoc|x86.Build.0 = Release|x86
		{FC5C84B4-F87E-488F-B1BA-004C8D30AD2F}.Ad-Hoc|x86.Deploy.0 = Release|x86
		{FC5C84B4-F87E-488F-B1BA-004C8D30AD2F}.AppStore|Any CPU.ActiveCfg = Release|x86
		{FC5C84B4-F87E-488F-B1BA-004C8D30AD2F}.AppStore|Any CPU.Build.0 = Release|x86
		{FC5C84B4-F87E-488F-B1BA-004C8D30AD2F}.AppStore|Any CPU.Deploy.0 = Release|x86
		{FC5C84B4-F87E-488F-B1BA-004C8D30AD2F}.AppStore|ARM.ActiveCfg = Release|ARM
		{FC5C84B4-F87E-488F-B1BA-004C8D30AD2F}.AppStore|ARM.Build.0 = Release|ARM
		{FC5C84B4-F87E-488F-B1BA-004C8D30AD2F}.AppStore|ARM.Deploy.0 = Release|ARM
		{FC5C84B4-F87E-488F-B1BA-004C8D30AD2F}.AppStore|iPhone.ActiveCfg = Release|x86
		{FC5C84B4-F87E-488F-B1BA-004C8D30AD2F}.AppStore|iPhone.Build.0 = Release|x86
		{FC5C84B4-F87E-488F-B1BA-004C8D30AD2F}.AppStore|iPhone.Deploy.0 = Release|x86
		{FC5C84B4-F87E-488F-B1BA-004C8D30AD2F}.AppStore|iPhoneSimulator.ActiveCfg = Release|x86
		{FC5C84B4-F87E-488F-B1BA-004C8D30AD2F}.AppStore|iPhoneSimulator.Build.0 = Release|x86
		{FC5C84B4-F87E-488F-B1BA-004C8D30AD2F}.AppStore|iPhoneSimulator.Deploy.0 = Release|x86
		{FC5C84B4-F87E-488F-B1BA-004C8D30AD2F}.AppStore|x64.ActiveCfg = Release|x64
		{FC5C84B4-F87E-488F-B1BA-004C8D30AD2F}.AppStore|x64.Build.0 = Release|x64
		{FC5C84B4-F87E-488F-B1BA-004C8D30AD2F}.AppStore|x64.Deploy.0 = Release|x64
		{FC5C84B4-F87E-488F-B1BA-004C8D30AD2F}.AppStore|x86.ActiveCfg = Release|x86
		{FC5C84B4-F87E-488F-B1BA-004C8D30AD2F}.AppStore|x86.Build.0 = Release|x86
		{FC5C84B4-F87E-488F-B1BA-004C8D30AD2F}.AppStore|x86.Deploy.0 = Release|x86
		{FC5C84B4-F87E-488F-B1BA-004C8D30AD2F}.Debug|Any CPU.ActiveCfg = Debug|x86
		{FC5C84B4-F87E-488F-B1BA-004C8D30AD2F}.Debug|ARM.ActiveCfg = Debug|ARM
		{FC5C84B4-F87E-488F-B1BA-004C8D30AD2F}.Debug|ARM.Build.0 = Debug|ARM
		{FC5C84B4-F87E-488F-B1BA-004C8D30AD2F}.Debug|ARM.Deploy.0 = Debug|ARM
		{FC5C84B4-F87E-488F-B1BA-004C8D30AD2F}.Debug|iPhone.ActiveCfg = Debug|x86
		{FC5C84B4-F87E-488F-B1BA-004C8D30AD2F}.Debug|iPhoneSimulator.ActiveCfg = Debug|x86
		{FC5C84B4-F87E-488F-B1BA-004C8D30AD2F}.Debug|x64.ActiveCfg = Debug|x64
		{FC5C84B4-F87E-488F-B1BA-004C8D30AD2F}.Debug|x64.Build.0 = Debug|x64
		{FC5C84B4-F87E-488F-B1BA-004C8D30AD2F}.Debug|x64.Deploy.0 = Debug|x64
		{FC5C84B4-F87E-488F-B1BA-004C8D30AD2F}.Debug|x86.ActiveCfg = Debug|x86
		{FC5C84B4-F87E-488F-B1BA-004C8D30AD2F}.Debug|x86.Build.0 = Debug|x86
		{FC5C84B4-F87E-488F-B1BA-004C8D30AD2F}.Debug|x86.Deploy.0 = Debug|x86
		{FC5C84B4-F87E-488F-B1BA-004C8D30AD2F}.Release|Any CPU.ActiveCfg = Release|x86
		{FC5C84B4-F87E-488F-B1BA-004C8D30AD2F}.Release|ARM.ActiveCfg = Release|ARM
		{FC5C84B4-F87E-488F-B1BA-004C8D30AD2F}.Release|ARM.Build.0 = Release|ARM
		{FC5C84B4-F87E-488F-B1BA-004C8D30AD2F}.Release|ARM.Deploy.0 = Release|ARM
		{FC5C84B4-F87E-488F-B1BA-004C8D30AD2F}.Release|iPhone.ActiveCfg = Release|x86
		{FC5C84B4-F87E-488F-B1BA-004C8D30AD2F}.Release|iPhoneSimulator.ActiveCfg = Release|x86
		{FC5C84B4-F87E-488F-B1BA-004C8D30AD2F}.Release|x64.ActiveCfg = Release|x64
		{FC5C84B4-F87E-488F-B1BA-004C8D30AD2F}.Release|x64.Build.0 = Release|x64
		{FC5C84B4-F87E-488F-B1BA-004C8D30AD2F}.Release|x64.Deploy.0 = Release|x64
		{FC5C84B4-F87E-488F-B1BA-004C8D30AD2F}.Release|x86.ActiveCfg = Release|x86
		{FC5C84B4-F87E-488F-B1BA-004C8D30AD2F}.Release|x86.Build.0 = Release|x86
		{FC5C84B4-F87E-488F-B1BA-004C8D30AD2F}.Release|x86.Deploy.0 = Release|x86
		{A3BD1536-4E29-44DF-A27A-B45CF7C0A4BF}.Ad-Hoc|Any CPU.ActiveCfg = Debug|Any CPU
		{A3BD1536-4E29-44DF-A27A-B45CF7C0A4BF}.Ad-Hoc|Any CPU.Build.0 = Debug|Any CPU
		{A3BD1536-4E29-44DF-A27A-B45CF7C0A4BF}.Ad-Hoc|ARM.ActiveCfg = Debug|Any CPU
		{A3BD1536-4E29-44DF-A27A-B45CF7C0A4BF}.Ad-Hoc|ARM.Build.0 = Debug|Any CPU
		{A3BD1536-4E29-44DF-A27A-B45CF7C0A4BF}.Ad-Hoc|iPhone.ActiveCfg = Debug|Any CPU
		{A3BD1536-4E29-44DF-A27A-B45CF7C0A4BF}.Ad-Hoc|iPhone.Build.0 = Debug|Any CPU
		{A3BD1536-4E29-44DF-A27A-B45CF7C0A4BF}.Ad-Hoc|iPhoneSimulator.ActiveCfg = Debug|Any CPU
		{A3BD1536-4E29-44DF-A27A-B45CF7C0A4BF}.Ad-Hoc|iPhoneSimulator.Build.0 = Debug|Any CPU
		{A3BD1536-4E29-44DF-A27A-B45CF7C0A4BF}.Ad-Hoc|x64.ActiveCfg = Debug|Any CPU
		{A3BD1536-4E29-44DF-A27A-B45CF7C0A4BF}.Ad-Hoc|x64.Build.0 = Debug|Any CPU
		{A3BD1536-4E29-44DF-A27A-B45CF7C0A4BF}.Ad-Hoc|x86.ActiveCfg = Debug|Any CPU
		{A3BD1536-4E29-44DF-A27A-B45CF7C0A4BF}.Ad-Hoc|x86.Build.0 = Debug|Any CPU
		{A3BD1536-4E29-44DF-A27A-B45CF7C0A4BF}.AppStore|Any CPU.ActiveCfg = Debug|Any CPU
		{A3BD1536-4E29-44DF-A27A-B45CF7C0A4BF}.AppStore|Any CPU.Build.0 = Debug|Any CPU
		{A3BD1536-4E29-44DF-A27A-B45CF7C0A4BF}.AppStore|ARM.ActiveCfg = Debug|Any CPU
		{A3BD1536-4E29-44DF-A27A-B45CF7C0A4BF}.AppStore|ARM.Build.0 = Debug|Any CPU
		{A3BD1536-4E29-44DF-A27A-B45CF7C0A4BF}.AppStore|iPhone.ActiveCfg = Debug|Any CPU
		{A3BD1536-4E29-44DF-A27A-B45CF7C0A4BF}.AppStore|iPhone.Build.0 = Debug|Any CPU
		{A3BD1536-4E29-44DF-A27A-B45CF7C0A4BF}.AppStore|iPhoneSimulator.ActiveCfg = Debug|Any CPU
		{A3BD1536-4E29-44DF-A27A-B45CF7C0A4BF}.AppStore|iPhoneSimulator.Build.0 = Debug|Any CPU
		{A3BD1536-4E29-44DF-A27A-B45CF7C0A4BF}.AppStore|x64.ActiveCfg = Debug|Any CPU
		{A3BD1536-4E29-44DF-A27A-B45CF7C0A4BF}.AppStore|x64.Build.0 = Debug|Any CPU
		{A3BD1536-4E29-44DF-A27A-B45CF7C0A4BF}.AppStore|x86.ActiveCfg = Debug|Any CPU
		{A3BD1536-4E29-44DF-A27A-B45CF7C0A4BF}.AppStore|x86.Build.0 = Debug|Any CPU
		{A3BD1536-4E29-44DF-A27A-B45CF7C0A4BF}.Debug|Any CPU.ActiveCfg = Debug|Any CPU
		{A3BD1536-4E29-44DF-A27A-B45CF7C0A4BF}.Debug|Any CPU.Build.0 = Debug|Any CPU
		{A3BD1536-4E29-44DF-A27A-B45CF7C0A4BF}.Debug|ARM.ActiveCfg = Debug|Any CPU
		{A3BD1536-4E29-44DF-A27A-B45CF7C0A4BF}.Debug|ARM.Build.0 = Debug|Any CPU
		{A3BD1536-4E29-44DF-A27A-B45CF7C0A4BF}.Debug|iPhone.ActiveCfg = Debug|Any CPU
		{A3BD1536-4E29-44DF-A27A-B45CF7C0A4BF}.Debug|iPhone.Build.0 = Debug|Any CPU
		{A3BD1536-4E29-44DF-A27A-B45CF7C0A4BF}.Debug|iPhoneSimulator.ActiveCfg = Debug|Any CPU
		{A3BD1536-4E29-44DF-A27A-B45CF7C0A4BF}.Debug|iPhoneSimulator.Build.0 = Debug|Any CPU
		{A3BD1536-4E29-44DF-A27A-B45CF7C0A4BF}.Debug|x64.ActiveCfg = Debug|Any CPU
		{A3BD1536-4E29-44DF-A27A-B45CF7C0A4BF}.Debug|x64.Build.0 = Debug|Any CPU
		{A3BD1536-4E29-44DF-A27A-B45CF7C0A4BF}.Debug|x86.ActiveCfg = Debug|Any CPU
		{A3BD1536-4E29-44DF-A27A-B45CF7C0A4BF}.Debug|x86.Build.0 = Debug|Any CPU
		{A3BD1536-4E29-44DF-A27A-B45CF7C0A4BF}.Release|Any CPU.ActiveCfg = Release|Any CPU
		{A3BD1536-4E29-44DF-A27A-B45CF7C0A4BF}.Release|Any CPU.Build.0 = Release|Any CPU
		{A3BD1536-4E29-44DF-A27A-B45CF7C0A4BF}.Release|ARM.ActiveCfg = Release|Any CPU
		{A3BD1536-4E29-44DF-A27A-B45CF7C0A4BF}.Release|ARM.Build.0 = Release|Any CPU
		{A3BD1536-4E29-44DF-A27A-B45CF7C0A4BF}.Release|iPhone.ActiveCfg = Release|Any CPU
		{A3BD1536-4E29-44DF-A27A-B45CF7C0A4BF}.Release|iPhone.Build.0 = Release|Any CPU
		{A3BD1536-4E29-44DF-A27A-B45CF7C0A4BF}.Release|iPhoneSimulator.ActiveCfg = Release|Any CPU
		{A3BD1536-4E29-44DF-A27A-B45CF7C0A4BF}.Release|iPhoneSimulator.Build.0 = Release|Any CPU
		{A3BD1536-4E29-44DF-A27A-B45CF7C0A4BF}.Release|x64.ActiveCfg = Release|Any CPU
		{A3BD1536-4E29-44DF-A27A-B45CF7C0A4BF}.Release|x64.Build.0 = Release|Any CPU
		{A3BD1536-4E29-44DF-A27A-B45CF7C0A4BF}.Release|x86.ActiveCfg = Release|Any CPU
		{A3BD1536-4E29-44DF-A27A-B45CF7C0A4BF}.Release|x86.Build.0 = Release|Any CPU
	EndGlobalSection
	GlobalSection(SolutionProperties) = preSolution
		HideSolutionNode = FALSE
	EndGlobalSection
	GlobalSection(ExtensibilityGlobals) = postSolution
		SolutionGuid = {F1B5F705-1B99-4A0C-9B4D-9EB7B3795332}
	EndGlobalSection
EndGlobal
